// !$*UTF8*$!
{
	archiveVersion = 1;
	classes = {
	};
	objectVersion = 55;
	objects = {

/* Begin PBXBuildFile section */
		848CA19B284F4B70009ADBB2 /* NavigationTests.swift in Sources */ = {isa = PBXBuildFile; fileRef = 848CA19A284F4B70009ADBB2 /* NavigationTests.swift */; };
		848CA1A5284F4B71009ADBB2 /* NavigationUITests.swift in Sources */ = {isa = PBXBuildFile; fileRef = 848CA1A4284F4B71009ADBB2 /* NavigationUITests.swift */; };
		848CA1A7284F4B71009ADBB2 /* NavigationUITestsLaunchTests.swift in Sources */ = {isa = PBXBuildFile; fileRef = 848CA1A6284F4B71009ADBB2 /* NavigationUITestsLaunchTests.swift */; };
/* End PBXBuildFile section */

/* Begin PBXFileReference section */
		848CA189284F4B6B009ADBB2 /* NavigationApp.swift */ = {isa = PBXFileReference; lastKnownFileType = sourcecode.swift; path = NavigationApp.swift; sourceTree = "<group>"; };
		848CA18B284F4B6B009ADBB2 /* ContentView.swift */ = {isa = PBXFileReference; lastKnownFileType = sourcecode.swift; path = ContentView.swift; sourceTree = "<group>"; };
		848CA18D284F4B70009ADBB2 /* Assets.xcassets */ = {isa = PBXFileReference; lastKnownFileType = folder.assetcatalog; path = Assets.xcassets; sourceTree = "<group>"; };
		848CA190284F4B70009ADBB2 /* Preview Assets.xcassets */ = {isa = PBXFileReference; lastKnownFileType = folder.assetcatalog; path = "Preview Assets.xcassets"; sourceTree = "<group>"; };
		848CA196284F4B70009ADBB2 /* NavigationTests.xctest */ = {isa = PBXFileReference; explicitFileType = wrapper.cfbundle; includeInIndex = 0; path = NavigationTests.xctest; sourceTree = BUILT_PRODUCTS_DIR; };
		848CA19A284F4B70009ADBB2 /* NavigationTests.swift */ = {isa = PBXFileReference; lastKnownFileType = sourcecode.swift; path = NavigationTests.swift; sourceTree = "<group>"; };
		848CA1A0284F4B71009ADBB2 /* NavigationUITests.xctest */ = {isa = PBXFileReference; explicitFileType = wrapper.cfbundle; includeInIndex = 0; path = NavigationUITests.xctest; sourceTree = BUILT_PRODUCTS_DIR; };
		848CA1A4284F4B71009ADBB2 /* NavigationUITests.swift */ = {isa = PBXFileReference; lastKnownFileType = sourcecode.swift; path = NavigationUITests.swift; sourceTree = "<group>"; };
		848CA1A6284F4B71009ADBB2 /* NavigationUITestsLaunchTests.swift */ = {isa = PBXFileReference; lastKnownFileType = sourcecode.swift; path = NavigationUITestsLaunchTests.swift; sourceTree = "<group>"; };
/* End PBXFileReference section */

/* Begin PBXFrameworksBuildPhase section */
		848CA193284F4B70009ADBB2 /* Frameworks */ = {
			isa = PBXFrameworksBuildPhase;
			buildActionMask = 2147483647;
			files = (
			);
			runOnlyForDeploymentPostprocessing = 0;
		};
		848CA19D284F4B71009ADBB2 /* Frameworks */ = {
			isa = PBXFrameworksBuildPhase;
			buildActionMask = 2147483647;
			files = (
			);
			runOnlyForDeploymentPostprocessing = 0;
		};
/* End PBXFrameworksBuildPhase section */

/* Begin PBXGroup section */
		848CA17D284F4B6B009ADBB2 = {
			isa = PBXGroup;
			children = (
				848CA188284F4B6B009ADBB2 /* Navigation */,
				848CA199284F4B70009ADBB2 /* NavigationTests */,
				848CA1A3284F4B71009ADBB2 /* NavigationUITests */,
				848CA187284F4B6B009ADBB2 /* Products */,
			);
			sourceTree = "<group>";
		};
		848CA187284F4B6B009ADBB2 /* Products */ = {
			isa = PBXGroup;
			children = (
				848CA196284F4B70009ADBB2 /* NavigationTests.xctest */,
				848CA1A0284F4B71009ADBB2 /* NavigationUITests.xctest */,
			);
			name = Products;
			sourceTree = "<group>";
		};
		848CA188284F4B6B009ADBB2 /* Navigation */ = {
			isa = PBXGroup;
			children = (
				848CA189284F4B6B009ADBB2 /* NavigationApp.swift */,
				848CA18B284F4B6B009ADBB2 /* ContentView.swift */,
				848CA18D284F4B70009ADBB2 /* Assets.xcassets */,
				848CA18F284F4B70009ADBB2 /* Preview Content */,
			);
			path = Navigation;
			sourceTree = "<group>";
		};
		848CA18F284F4B70009ADBB2 /* Preview Content */ = {
			isa = PBXGroup;
			children = (
				848CA190284F4B70009ADBB2 /* Preview Assets.xcassets */,
			);
			path = "Preview Content";
			sourceTree = "<group>";
		};
		848CA199284F4B70009ADBB2 /* NavigationTests */ = {
			isa = PBXGroup;
			children = (
				848CA19A284F4B70009ADBB2 /* NavigationTests.swift */,
			);
			path = NavigationTests;
			sourceTree = "<group>";
		};
		848CA1A3284F4B71009ADBB2 /* NavigationUITests */ = {
			isa = PBXGroup;
			children = (
				848CA1A4284F4B71009ADBB2 /* NavigationUITests.swift */,
				848CA1A6284F4B71009ADBB2 /* NavigationUITestsLaunchTests.swift */,
			);
			path = NavigationUITests;
			sourceTree = "<group>";
		};
/* End PBXGroup section */

/* Begin PBXNativeTarget section */
		848CA195284F4B70009ADBB2 /* NavigationTests */ = {
			isa = PBXNativeTarget;
			buildConfigurationList = 848CA1AD284F4B71009ADBB2 /* Build configuration list for PBXNativeTarget "NavigationTests" */;
			buildPhases = (
				848CA192284F4B70009ADBB2 /* Sources */,
				848CA193284F4B70009ADBB2 /* Frameworks */,
				848CA194284F4B70009ADBB2 /* Resources */,
			);
			buildRules = (
			);
			dependencies = (
			);
			name = NavigationTests;
			productName = NavigationTests;
			productReference = 848CA196284F4B70009ADBB2 /* NavigationTests.xctest */;
			productType = "com.apple.product-type.bundle.unit-test";
		};
		848CA19F284F4B71009ADBB2 /* NavigationUITests */ = {
			isa = PBXNativeTarget;
			buildConfigurationList = 848CA1B0284F4B71009ADBB2 /* Build configuration list for PBXNativeTarget "NavigationUITests" */;
			buildPhases = (
				848CA19C284F4B71009ADBB2 /* Sources */,
				848CA19D284F4B71009ADBB2 /* Frameworks */,
				848CA19E284F4B71009ADBB2 /* Resources */,
			);
			buildRules = (
			);
			dependencies = (
			);
			name = NavigationUITests;
			productName = NavigationUITests;
			productReference = 848CA1A0284F4B71009ADBB2 /* NavigationUITests.xctest */;
			productType = "com.apple.product-type.bundle.ui-testing";
		};
/* End PBXNativeTarget section */

/* Begin PBXProject section */
		848CA17E284F4B6B009ADBB2 /* Project object */ = {
			isa = PBXProject;
			attributes = {
				BuildIndependentTargetsInParallel = 1;
				LastSwiftUpdateCheck = 1300;
				LastUpgradeCheck = 1300;
				TargetAttributes = {
					848CA195284F4B70009ADBB2 = {
						CreatedOnToolsVersion = 13.0;
						TestTargetID = 848CA185284F4B6B009ADBB2;
					};
					848CA19F284F4B71009ADBB2 = {
						CreatedOnToolsVersion = 13.0;
						TestTargetID = 848CA185284F4B6B009ADBB2;
					};
				};
			};
			buildConfigurationList = 848CA181284F4B6B009ADBB2 /* Build configuration list for PBXProject "Navigation" */;
			compatibilityVersion = "Xcode 13.0";
			developmentRegion = en;
			hasScannedForEncodings = 0;
			knownRegions = (
				en,
				Base,
			);
			mainGroup = 848CA17D284F4B6B009ADBB2;
			productRefGroup = 848CA187284F4B6B009ADBB2 /* Products */;
			projectDirPath = "";
			projectRoot = "";
			targets = (
				848CA195284F4B70009ADBB2 /* NavigationTests */,
				848CA19F284F4B71009ADBB2 /* NavigationUITests */,
			);
		};
/* End PBXProject section */

/* Begin PBXResourcesBuildPhase section */
		848CA194284F4B70009ADBB2 /* Resources */ = {
			isa = PBXResourcesBuildPhase;
			buildActionMask = 2147483647;
			files = (
			);
			runOnlyForDeploymentPostprocessing = 0;
		};
		848CA19E284F4B71009ADBB2 /* Resources */ = {
			isa = PBXResourcesBuildPhase;
			buildActionMask = 2147483647;
			files = (
			);
			runOnlyForDeploymentPostprocessing = 0;
		};
/* End PBXResourcesBuildPhase section */

/* Begin PBXSourcesBuildPhase section */
		848CA192284F4B70009ADBB2 /* Sources */ = {
			isa = PBXSourcesBuildPhase;
			buildActionMask = 2147483647;
			files = (
				848CA19B284F4B70009ADBB2 /* NavigationTests.swift in Sources */,
			);
			runOnlyForDeploymentPostprocessing = 0;
		};
		848CA19C284F4B71009ADBB2 /* Sources */ = {
			isa = PBXSourcesBuildPhase;
			buildActionMask = 2147483647;
			files = (
				848CA1A7284F4B71009ADBB2 /* NavigationUITestsLaunchTests.swift in Sources */,
				848CA1A5284F4B71009ADBB2 /* NavigationUITests.swift in Sources */,
			);
			runOnlyForDeploymentPostprocessing = 0;
		};
/* End PBXSourcesBuildPhase section */

/* Begin XCBuildConfiguration section */
		848CA1A8284F4B71009ADBB2 /* Debug */ = {
			isa = XCBuildConfiguration;
			buildSettings = {
				ALWAYS_SEARCH_USER_PATHS = NO;
				CLANG_ANALYZER_NONNULL = YES;
				CLANG_ANALYZER_NUMBER_OBJECT_CONVERSION = YES_AGGRESSIVE;
				CLANG_CXX_LANGUAGE_STANDARD = "gnu++17";
				CLANG_CXX_LIBRARY = "libc++";
				CLANG_ENABLE_MODULES = YES;
				CLANG_ENABLE_OBJC_ARC = YES;
				CLANG_ENABLE_OBJC_WEAK = YES;
				CLANG_WARN_BLOCK_CAPTURE_AUTORELEASING = YES;
				CLANG_WARN_BOOL_CONVERSION = YES;
				CLANG_WARN_COMMA = YES;
				CLANG_WARN_CONSTANT_CONVERSION = YES;
				CLANG_WARN_DEPRECATED_OBJC_IMPLEMENTATIONS = YES;
				CLANG_WARN_DIRECT_OBJC_ISA_USAGE = YES_ERROR;
				CLANG_WARN_DOCUMENTATION_COMMENTS = YES;
				CLANG_WARN_EMPTY_BODY = YES;
				CLANG_WARN_ENUM_CONVERSION = YES;
				CLANG_WARN_INFINITE_RECURSION = YES;
				CLANG_WARN_INT_CONVERSION = YES;
				CLANG_WARN_NON_LITERAL_NULL_CONVERSION = YES;
				CLANG_WARN_OBJC_IMPLICIT_RETAIN_SELF = YES;
				CLANG_WARN_OBJC_LITERAL_CONVERSION = YES;
				CLANG_WARN_OBJC_ROOT_CLASS = YES_ERROR;
				CLANG_WARN_QUOTED_INCLUDE_IN_FRAMEWORK_HEADER = YES;
				CLANG_WARN_RANGE_LOOP_ANALYSIS = YES;
				CLANG_WARN_STRICT_PROTOTYPES = YES;
				CLANG_WARN_SUSPICIOUS_MOVE = YES;
				CLANG_WARN_UNGUARDED_AVAILABILITY = YES_AGGRESSIVE;
				CLANG_WARN_UNREACHABLE_CODE = YES;
				CLANG_WARN__DUPLICATE_METHOD_MATCH = YES;
				COPY_PHASE_STRIP = NO;
				DEBUG_INFORMATION_FORMAT = dwarf;
				ENABLE_STRICT_OBJC_MSGSEND = YES;
				ENABLE_TESTABILITY = YES;
				GCC_C_LANGUAGE_STANDARD = gnu11;
				GCC_DYNAMIC_NO_PIC = NO;
				GCC_NO_COMMON_BLOCKS = YES;
				GCC_OPTIMIZATION_LEVEL = 0;
				GCC_PREPROCESSOR_DEFINITIONS = (
					"DEBUG=1",
					"$(inherited)",
				);
				GCC_WARN_64_TO_32_BIT_CONVERSION = YES;
				GCC_WARN_ABOUT_RETURN_TYPE = YES_ERROR;
				GCC_WARN_UNDECLARED_SELECTOR = YES;
				GCC_WARN_UNINITIALIZED_AUTOS = YES_AGGRESSIVE;
				GCC_WARN_UNUSED_FUNCTION = YES;
				GCC_WARN_UNUSED_VARIABLE = YES;
				IPHONEOS_DEPLOYMENT_TARGET = 15.0;
				MTL_ENABLE_DEBUG_INFO = INCLUDE_SOURCE;
				MTL_FAST_MATH = YES;
				ONLY_ACTIVE_ARCH = YES;
				SDKROOT = iphoneos;
				SWIFT_ACTIVE_COMPILATION_CONDITIONS = DEBUG;
				SWIFT_OPTIMIZATION_LEVEL = "-Onone";
			};
			name = Debug;
		};
		848CA1A9284F4B71009ADBB2 /* Release */ = {
			isa = XCBuildConfiguration;
			buildSettings = {
				ALWAYS_SEARCH_USER_PATHS = NO;
				CLANG_ANALYZER_NONNULL = YES;
				CLANG_ANALYZER_NUMBER_OBJECT_CONVERSION = YES_AGGRESSIVE;
				CLANG_CXX_LANGUAGE_STANDARD = "gnu++17";
				CLANG_CXX_LIBRARY = "libc++";
				CLANG_ENABLE_MODULES = YES;
				CLANG_ENABLE_OBJC_ARC = YES;
				CLANG_ENABLE_OBJC_WEAK = YES;
				CLANG_WARN_BLOCK_CAPTURE_AUTORELEASING = YES;
				CLANG_WARN_BOOL_CONVERSION = YES;
				CLANG_WARN_COMMA = YES;
				CLANG_WARN_CONSTANT_CONVERSION = YES;
				CLANG_WARN_DEPRECATED_OBJC_IMPLEMENTATIONS = YES;
				CLANG_WARN_DIRECT_OBJC_ISA_USAGE = YES_ERROR;
				CLANG_WARN_DOCUMENTATION_COMMENTS = YES;
				CLANG_WARN_EMPTY_BODY = YES;
				CLANG_WARN_ENUM_CONVERSION = YES;
				CLANG_WARN_INFINITE_RECURSION = YES;
				CLANG_WARN_INT_CONVERSION = YES;
				CLANG_WARN_NON_LITERAL_NULL_CONVERSION = YES;
				CLANG_WARN_OBJC_IMPLICIT_RETAIN_SELF = YES;
				CLANG_WARN_OBJC_LITERAL_CONVERSION = YES;
				CLANG_WARN_OBJC_ROOT_CLASS = YES_ERROR;
				CLANG_WARN_QUOTED_INCLUDE_IN_FRAMEWORK_HEADER = YES;
				CLANG_WARN_RANGE_LOOP_ANALYSIS = YES;
				CLANG_WARN_STRICT_PROTOTYPES = YES;
				CLANG_WARN_SUSPICIOUS_MOVE = YES;
				CLANG_WARN_UNGUARDED_AVAILABILITY = YES_AGGRESSIVE;
				CLANG_WARN_UNREACHABLE_CODE = YES;
				CLANG_WARN__DUPLICATE_METHOD_MATCH = YES;
				COPY_PHASE_STRIP = NO;
				DEBUG_INFORMATION_FORMAT = "dwarf-with-dsym";
				ENABLE_NS_ASSERTIONS = NO;
				ENABLE_STRICT_OBJC_MSGSEND = YES;
				GCC_C_LANGUAGE_STANDARD = gnu11;
				GCC_NO_COMMON_BLOCKS = YES;
				GCC_WARN_64_TO_32_BIT_CONVERSION = YES;
				GCC_WARN_ABOUT_RETURN_TYPE = YES_ERROR;
				GCC_WARN_UNDECLARED_SELECTOR = YES;
				GCC_WARN_UNINITIALIZED_AUTOS = YES_AGGRESSIVE;
				GCC_WARN_UNUSED_FUNCTION = YES;
				GCC_WARN_UNUSED_VARIABLE = YES;
				IPHONEOS_DEPLOYMENT_TARGET = 15.0;
				MTL_ENABLE_DEBUG_INFO = NO;
				MTL_FAST_MATH = YES;
				SDKROOT = iphoneos;
				SWIFT_COMPILATION_MODE = wholemodule;
				SWIFT_OPTIMIZATION_LEVEL = "-O";
				VALIDATE_PRODUCT = YES;
			};
			name = Release;
		};
		848CA1AE284F4B71009ADBB2 /* Debug */ = {
			isa = XCBuildConfiguration;
			buildSettings = {
				ALWAYS_EMBED_SWIFT_STANDARD_LIBRARIES = YES;
				BUNDLE_LOADER = "$(TEST_HOST)";
				CODE_SIGN_STYLE = Automatic;
				CURRENT_PROJECT_VERSION = 1;
				GENERATE_INFOPLIST_FILE = YES;
				IPHONEOS_DEPLOYMENT_TARGET = 14.0;
				LD_RUNPATH_SEARCH_PATHS = (
					"$(inherited)",
					"@executable_path/Frameworks",
					"@loader_path/Frameworks",
				);
				MARKETING_VERSION = 1.0;
				PRODUCT_BUNDLE_IDENTIFIER = "Create-Git-repository-on-my-Mac.NavigationTests";
				PRODUCT_NAME = "$(TARGET_NAME)";
				SWIFT_EMIT_LOC_STRINGS = NO;
				SWIFT_VERSION = 5.0;
				TARGETED_DEVICE_FAMILY = "1,2";
				TEST_HOST = "$(BUILT_PRODUCTS_DIR)/Navigation.app/Navigation";
			};
			name = Debug;
		};
		848CA1AF284F4B71009ADBB2 /* Release */ = {
			isa = XCBuildConfiguration;
			buildSettings = {
				ALWAYS_EMBED_SWIFT_STANDARD_LIBRARIES = YES;
				BUNDLE_LOADER = "$(TEST_HOST)";
				CODE_SIGN_STYLE = Automatic;
				CURRENT_PROJECT_VERSION = 1;
				GENERATE_INFOPLIST_FILE = YES;
				IPHONEOS_DEPLOYMENT_TARGET = 14.0;
				LD_RUNPATH_SEARCH_PATHS = (
					"$(inherited)",
					"@executable_path/Frameworks",
					"@loader_path/Frameworks",
				);
				MARKETING_VERSION = 1.0;
				PRODUCT_BUNDLE_IDENTIFIER = "Create-Git-repository-on-my-Mac.NavigationTests";
				PRODUCT_NAME = "$(TARGET_NAME)";
				SWIFT_EMIT_LOC_STRINGS = NO;
				SWIFT_VERSION = 5.0;
				TARGETED_DEVICE_FAMILY = "1,2";
				TEST_HOST = "$(BUILT_PRODUCTS_DIR)/Navigation.app/Navigation";
			};
			name = Release;
		};
		848CA1B1284F4B71009ADBB2 /* Debug */ = {
			isa = XCBuildConfiguration;
			buildSettings = {
				ALWAYS_EMBED_SWIFT_STANDARD_LIBRARIES = YES;
				CODE_SIGN_STYLE = Automatic;
				CURRENT_PROJECT_VERSION = 1;
				GENERATE_INFOPLIST_FILE = YES;
				LD_RUNPATH_SEARCH_PATHS = (
					"$(inherited)",
					"@executable_path/Frameworks",
					"@loader_path/Frameworks",
				);
				MARKETING_VERSION = 1.0;
				PRODUCT_BUNDLE_IDENTIFIER = "Create-Git-repository-on-my-Mac.NavigationUITests";
				PRODUCT_NAME = "$(TARGET_NAME)";
				SWIFT_EMIT_LOC_STRINGS = NO;
				SWIFT_VERSION = 5.0;
				TARGETED_DEVICE_FAMILY = "1,2";
				TEST_TARGET_NAME = Navigation;
			};
			name = Debug;
		};
		848CA1B2284F4B71009ADBB2 /* Release */ = {
			isa = XCBuildConfiguration;
			buildSettings = {
				ALWAYS_EMBED_SWIFT_STANDARD_LIBRARIES = YES;
				CODE_SIGN_STYLE = Automatic;
				CURRENT_PROJECT_VERSION = 1;
				GENERATE_INFOPLIST_FILE = YES;
				LD_RUNPATH_SEARCH_PATHS = (
					"$(inherited)",
					"@executable_path/Frameworks",
					"@loader_path/Frameworks",
				);
				MARKETING_VERSION = 1.0;
				PRODUCT_BUNDLE_IDENTIFIER = "Create-Git-repository-on-my-Mac.NavigationUITests";
				PRODUCT_NAME = "$(TARGET_NAME)";
				SWIFT_EMIT_LOC_STRINGS = NO;
				SWIFT_VERSION = 5.0;
				TARGETED_DEVICE_FAMILY = "1,2";
				TEST_TARGET_NAME = Navigation;
			};
			name = Release;
		};
/* End XCBuildConfiguration section */

/* Begin XCConfigurationList section */
		848CA181284F4B6B009ADBB2 /* Build configuration list for PBXProject "Navigation" */ = {
			isa = XCConfigurationList;
			buildConfigurations = (
				848CA1A8284F4B71009ADBB2 /* Debug */,
				848CA1A9284F4B71009ADBB2 /* Release */,
			);
			defaultConfigurationIsVisible = 0;
			defaultConfigurationName = Release;
		};
		848CA1AD284F4B71009ADBB2 /* Build configuration list for PBXNativeTarget "NavigationTests" */ = {
			isa = XCConfigurationList;
			buildConfigurations = (
				848CA1AE284F4B71009ADBB2 /* Debug */,
				848CA1AF284F4B71009ADBB2 /* Release */,
			);
			defaultConfigurationIsVisible = 0;
			defaultConfigurationName = Release;
		};
		848CA1B0284F4B71009ADBB2 /* Build configuration list for PBXNativeTarget "NavigationUITests" */ = {
			isa = XCConfigurationList;
			buildConfigurations = (
				848CA1B1284F4B71009ADBB2 /* Debug */,
				848CA1B2284F4B71009ADBB2 /* Release */,
			);
			defaultConfigurationIsVisible = 0;
			defaultConfigurationName = Release;
		};
/* End XCConfigurationList section */
	};
	rootObject = 848CA17E284F4B6B009ADBB2 /* Project object */;
}
